<?xml version="1.0" encoding="utf-8"?>
<Project ToolsVersion="4.0" xmlns="http://schemas.microsoft.com/developer/msbuild/2003">
  <ItemGroup>
    <Filter Include="Source Files">
      <UniqueIdentifier>{4FC737F1-C7A5-4376-A066-2A32D752A2FF}</UniqueIdentifier>
      <Extensions>cpp;c;cc;cxx;def;odl;idl;hpj;bat;asm;asmx</Extensions>
    </Filter>
    <Filter Include="Header Files">
      <UniqueIdentifier>{93995380-89BD-4b04-88EB-625FBE52EBFB}</UniqueIdentifier>
      <Extensions>h;hh;hpp;hxx;hm;inl;inc;xsd</Extensions>
    </Filter>
    <Filter Include="Resource Files">
      <UniqueIdentifier>{67DA6AB6-F800-4c08-8B7A-83BB121AAD01}</UniqueIdentifier>
      <Extensions>rc;ico;cur;bmp;dlg;rc2;rct;bin;rgs;gif;jpg;jpeg;jpe;resx;tiff;tif;png;wav;mfcribbon-ms</Extensions>
    </Filter>
    <Filter Include="Header Files\Levels">
      <UniqueIdentifier>{d22a34f8-f8a4-444c-b84a-5006f734b43d}</UniqueIdentifier>
    </Filter>
    <Filter Include="Header Files\Game">
      <UniqueIdentifier>{4e1e41e4-e727-40b0-b06e-33a657b51315}</UniqueIdentifier>
    </Filter>
    <Filter Include="Header Files\Levels\GUI">
      <UniqueIdentifier>{770e29db-9b22-4a30-a86e-fd7fc0bb001f}</UniqueIdentifier>
    </Filter>
    <Filter Include="Source Files\Game">
      <UniqueIdentifier>{d9750129-6b20-4f2b-b730-81ce4e4bd5cd}</UniqueIdentifier>
    </Filter>
    <Filter Include="Source Files\Levels">
      <UniqueIdentifier>{cab8e6ff-e60e-4bb0-be5a-276cd246a28f}</UniqueIdentifier>
    </Filter>
    <Filter Include="Source Files\Levels\GUI">
      <UniqueIdentifier>{480c4342-a5d4-4e75-92dd-df4b61f328ca}</UniqueIdentifier>
    </Filter>
    <Filter Include="Header Files\Cameras">
      <UniqueIdentifier>{2cd47385-c71f-42ad-a73c-bb4248898304}</UniqueIdentifier>
    </Filter>
    <Filter Include="Source Files\Cameras">
      <UniqueIdentifier>{b461a959-b1f0-4ff2-8956-ad98be048577}</UniqueIdentifier>
    </Filter>
  </ItemGroup>
  <ItemGroup>
    <ClCompile Include="Main.cpp">
      <Filter>Source Files</Filter>
    </ClCompile>
    <ClCompile Include="PlayerBall.cpp">
      <Filter>Source Files</Filter>
    </ClCompile>
    <ClCompile Include="Pointer.cpp">
      <Filter>Source Files</Filter>
    </ClCompile>
    <ClCompile Include="DIY_Game.cpp">
      <Filter>Source Files\Game</Filter>
    </ClCompile>
    <ClCompile Include="DIY_Level.cpp">
      <Filter>Source Files\Levels</Filter>
    </ClCompile>
    <ClCompile Include="SplashScreen.cpp">
      <Filter>Source Files\Levels</Filter>
    </ClCompile>
    <ClCompile Include="DIY_Level_GUI.cpp">
      <Filter>Source Files\Levels\GUI</Filter>
    </ClCompile>
    <ClCompile Include="LandingScreen.cpp">
      <Filter>Source Files\Levels</Filter>
    </ClCompile>
    <ClCompile Include="Landing_GUI.cpp">
      <Filter>Source Files\Levels\GUI</Filter>
    </ClCompile>
    <ClCompile Include="Slingshot.cpp">
      <Filter>Source Files</Filter>
    </ClCompile>
    <ClCompile Include="WarpGate.cpp">
      <Filter>Source Files</Filter>
    </ClCompile>
    <ClCompile Include="Wormhole.cpp">
      <Filter>Source Files</Filter>
    </ClCompile>
    <ClCompile Include="AsteroidField.cpp">
      <Filter>Source Files</Filter>
    </ClCompile>
    <ClCompile Include="Sun.cpp">
      <Filter>Source Files</Filter>
    </ClCompile>
    <ClCompile Include="GalaxyMap.cpp">
      <Filter>Source Files</Filter>
    </ClCompile>
    <ClCompile Include="AmbientStar.cpp">
      <Filter>Source Files</Filter>
    </ClCompile>
    <ClCompile Include="LevelSelectButton.cpp">
      <Filter>Source Files\Levels\GUI</Filter>
    </ClCompile>
    <ClCompile Include="Layer.cpp">
      <Filter>Source Files</Filter>
    </ClCompile>
    <ClCompile Include="FocusCamera.cpp">
      <Filter>Source Files\Cameras</Filter>
    </ClCompile>
    <ClCompile Include="GameCamera.cpp">
      <Filter>Source Files\Cameras</Filter>
    </ClCompile>
    <ClCompile Include="Planet.cpp">
      <Filter>Source Files</Filter>
    </ClCompile>
    <ClCompile Include="Alien.cpp">
      <Filter>Source Files</Filter>
    </ClCompile>
    <ClCompile Include="Obstacles.cpp">
      <Filter>Source Files</Filter>
    </ClCompile>
    <ClCompile Include="Swarm.cpp">
      <Filter>Source Files</Filter>
    </ClCompile>
  </ItemGroup>
  <ItemGroup>
    <ClInclude Include="PlayerBall.h">
      <Filter>Header Files</Filter>
    </ClInclude>
    <ClInclude Include="Pointer.h">
      <Filter>Header Files</Filter>
    </ClInclude>
    <ClInclude Include="DIY_Level.h">
      <Filter>Header Files\Levels</Filter>
    </ClInclude>
    <ClInclude Include="LandingScreen.h">
      <Filter>Header Files\Levels</Filter>
    </ClInclude>
    <ClInclude Include="SplashScreen.h">
      <Filter>Header Files\Levels</Filter>
    </ClInclude>
    <ClInclude Include="DIY_Game.h">
      <Filter>Header Files\Game</Filter>
    </ClInclude>
    <ClInclude Include="DIY_Level_GUI.h">
      <Filter>Header Files\Levels\GUI</Filter>
    </ClInclude>
    <ClInclude Include="Landing_GUI.h">
      <Filter>Header Files\Levels\GUI</Filter>
    </ClInclude>
    <ClInclude Include="Slingshot.h">
      <Filter>Header Files</Filter>
    </ClInclude>
    <ClInclude Include="WarpGate.h">
      <Filter>Header Files</Filter>
    </ClInclude>
    <ClInclude Include="Wormhole.h">
      <Filter>Header Files</Filter>
    </ClInclude>
    <ClInclude Include="AsteroidField.h">
      <Filter>Header Files</Filter>
    </ClInclude>
    <ClInclude Include="Sun.h">
      <Filter>Header Files</Filter>
    </ClInclude>
    <ClInclude Include="GalaxyMap.h">
      <Filter>Header Files</Filter>
    </ClInclude>
    <ClInclude Include="AmbientStar.h">
      <Filter>Header Files</Filter>
    </ClInclude>
    <ClInclude Include="LevelSelectButton.h">
      <Filter>Header Files\Levels\GUI</Filter>
    </ClInclude>
    <ClInclude Include="Layer.h">
      <Filter>Header Files</Filter>
    </ClInclude>
    <ClInclude Include="FocusCamera.h">
      <Filter>Header Files\Cameras</Filter>
    </ClInclude>
    <ClInclude Include="GameCamera.h">
      <Filter>Header Files\Cameras</Filter>
    </ClInclude>
    <ClInclude Include="Planet.h">
      <Filter>Header Files</Filter>
    </ClInclude>
    <ClInclude Include="Alien.h">
      <Filter>Header Files</Filter>
    </ClInclude>
    <ClInclude Include="Obstacles.h">
      <Filter>Header Files</Filter>
    </ClInclude>
    <ClInclude Include="Swarm.h">
      <Filter>Header Files</Filter>
    </ClInclude>
  </ItemGroup>
  <ItemGroup>
    <None Include="Generic.vert" />
    <None Include="Generic.frag" />
    <None Include="GUI.vert" />
    <None Include="GUI.frag" />
    <None Include="Rainbow_GUI.vert" />
    <None Include="Rainbow_GUI.frag" />
    <None Include="Sun.frag" />
    <None Include="Sun.vert" />
  </ItemGroup>
  <ItemGroup>
    <Xml Include="properties.xml" />
    <Xml Include="testLevel.xml">
      <Filter>Resource Files</Filter>
    </Xml>
    <Xml Include="Level004.xml">
      <Filter>Resource Files</Filter>
    </Xml>
    <Xml Include="Level001.xml">
      <Filter>Resource Files</Filter>
    </Xml>
    <Xml Include="Level002.xml">
      <Filter>Resource Files</Filter>
    </Xml>
  </ItemGroup>
</Project>