<?xml version="1.0" encoding="utf-8"?>
<Project ToolsVersion="4.0" xmlns="http://schemas.microsoft.com/developer/msbuild/2003">
  <ItemGroup>
    <Filter Include="Source Files">
      <UniqueIdentifier>{4FC737F1-C7A5-4376-A066-2A32D752A2FF}</UniqueIdentifier>
      <Extensions>cpp;c;cc;cxx;def;odl;idl;hpj;bat;asm;asmx</Extensions>
    </Filter>
    <Filter Include="Header Files">
      <UniqueIdentifier>{93995380-89BD-4b04-88EB-625FBE52EBFB}</UniqueIdentifier>
      <Extensions>h;hh;hpp;hxx;hm;inl;inc;xsd</Extensions>
    </Filter>
    <Filter Include="Resource Files">
      <UniqueIdentifier>{67DA6AB6-F800-4c08-8B7A-83BB121AAD01}</UniqueIdentifier>
      <Extensions>rc;ico;cur;bmp;dlg;rc2;rct;bin;rgs;gif;jpg;jpeg;jpe;resx;tiff;tif;png;wav;mfcribbon-ms</Extensions>
    </Filter>
  </ItemGroup>
  <ItemGroup>
    <ClCompile Include="Main.cpp">
      <Filter>Source Files</Filter>
    </ClCompile>
    <ClCompile Include="DIY_Game.cpp">
      <Filter>Source Files</Filter>
    </ClCompile>
    <ClCompile Include="DIY_Level.cpp">
      <Filter>Source Files</Filter>
    </ClCompile>
    <ClCompile Include="Layer.cpp">
      <Filter>Source Files</Filter>
    </ClCompile>
    <ClCompile Include="GameCamera.cpp">
      <Filter>Source Files</Filter>
    </ClCompile>
    <ClCompile Include="..\TestGame\Wormhole.cpp">
      <Filter>Source Files</Filter>
    </ClCompile>
    <ClCompile Include="..\TestGame\PlanetHorizontal.cpp">
      <Filter>Source Files</Filter>
    </ClCompile>
    <ClCompile Include="..\TestGame\PlanetVertical.cpp">
      <Filter>Source Files</Filter>
    </ClCompile>
    <ClCompile Include="..\TestGame\WarpGate.cpp">
      <Filter>Source Files</Filter>
    </ClCompile>
    <ClCompile Include="..\TestGame\AsteroidField.cpp">
      <Filter>Source Files</Filter>
    </ClCompile>
    <ClCompile Include="PlayerBall.cpp">
      <Filter>Source Files</Filter>
    </ClCompile>
    <ClCompile Include="Pointer.cpp">
      <Filter>Source Files</Filter>
    </ClCompile>
    <ClCompile Include="DIY_Level_GUI.cpp">
      <Filter>Source Files</Filter>
    </ClCompile>
  </ItemGroup>
  <ItemGroup>
    <ClInclude Include="DIY_Game.h">
      <Filter>Header Files</Filter>
    </ClInclude>
    <ClInclude Include="DIY_Level.h">
      <Filter>Header Files</Filter>
    </ClInclude>
    <ClInclude Include="GameCamera.h">
      <Filter>Header Files</Filter>
    </ClInclude>
    <ClInclude Include="..\TestGame\Layer.h">
      <Filter>Header Files</Filter>
    </ClInclude>
    <ClInclude Include="..\TestGame\PlanetHorizontal.h">
      <Filter>Header Files</Filter>
    </ClInclude>
    <ClInclude Include="..\TestGame\WarpGate.h">
      <Filter>Header Files</Filter>
    </ClInclude>
    <ClInclude Include="..\TestGame\Wormhole.h">
      <Filter>Header Files</Filter>
    </ClInclude>
    <ClInclude Include="..\TestGame\PlanetVertical.h">
      <Filter>Header Files</Filter>
    </ClInclude>
    <ClInclude Include="..\TestGame\AsteroidField.h">
      <Filter>Header Files</Filter>
    </ClInclude>
    <ClInclude Include="PlayerBall.h">
      <Filter>Header Files</Filter>
    </ClInclude>
    <ClInclude Include="Pointer.h">
      <Filter>Header Files</Filter>
    </ClInclude>
    <ClInclude Include="DIY_Level_GUI.h">
      <Filter>Header Files</Filter>
    </ClInclude>
  </ItemGroup>
  <ItemGroup>
    <None Include="GameObjects.frag" />
    <None Include="GameObjects.vert" />
  </ItemGroup>
  <ItemGroup>
    <Xml Include="properties.xml" />
  </ItemGroup>
</Project>