<?xml version="1.0" encoding="utf-8"?>
<Project ToolsVersion="4.0" xmlns="http://schemas.microsoft.com/developer/msbuild/2003">
  <ItemGroup>
    <Filter Include="Source Files">
      <UniqueIdentifier>{4FC737F1-C7A5-4376-A066-2A32D752A2FF}</UniqueIdentifier>
      <Extensions>cpp;c;cc;cxx;def;odl;idl;hpj;bat;asm;asmx</Extensions>
    </Filter>
    <Filter Include="Header Files">
      <UniqueIdentifier>{93995380-89BD-4b04-88EB-625FBE52EBFB}</UniqueIdentifier>
      <Extensions>h;hh;hpp;hxx;hm;inl;inc;xsd</Extensions>
    </Filter>
    <Filter Include="Resource Files">
      <UniqueIdentifier>{67DA6AB6-F800-4c08-8B7A-83BB121AAD01}</UniqueIdentifier>
      <Extensions>rc;ico;cur;bmp;dlg;rc2;rct;bin;rgs;gif;jpg;jpeg;jpe;resx;tiff;tif;png;wav;mfcribbon-ms</Extensions>
    </Filter>
    <Filter Include="Header Files\Games">
      <UniqueIdentifier>{0708ce57-eacf-404c-9f88-7895f8af1f42}</UniqueIdentifier>
    </Filter>
    <Filter Include="Header Files\Inputs">
      <UniqueIdentifier>{6e158849-628f-4f9c-a59d-7f44099d70a5}</UniqueIdentifier>
    </Filter>
    <Filter Include="Header Files\Level">
      <UniqueIdentifier>{28b13c73-43ce-4b66-b478-53f62d97a0cc}</UniqueIdentifier>
    </Filter>
    <Filter Include="Source Files\Level">
      <UniqueIdentifier>{3f7d51d7-79d6-4b30-b473-69eace42dfb9}</UniqueIdentifier>
    </Filter>
    <Filter Include="Source Files\Game">
      <UniqueIdentifier>{5875bb2e-946d-4048-b6ee-27fe2d215c2d}</UniqueIdentifier>
    </Filter>
  </ItemGroup>
  <ItemGroup>
    <ClInclude Include="AudioTester.h">
      <Filter>Header Files\Inputs</Filter>
    </ClInclude>
    <ClInclude Include="TestLevel.h">
      <Filter>Header Files\Level</Filter>
    </ClInclude>
    <ClInclude Include="TestGame.h">
      <Filter>Header Files\Games</Filter>
    </ClInclude>
    <ClInclude Include="CameraInputTest.h">
      <Filter>Header Files\Inputs</Filter>
    </ClInclude>
    <ClInclude Include="resource.h">
      <Filter>Header Files</Filter>
    </ClInclude>
    <ClInclude Include="closeGameInput.h">
      <Filter>Header Files\Inputs</Filter>
    </ClInclude>
    <ClInclude Include="GameObjectInputTest.h">
      <Filter>Header Files\Inputs</Filter>
    </ClInclude>
    <ClInclude Include="FPS_Inputs.h">
      <Filter>Header Files\Inputs</Filter>
    </ClInclude>
    <ClInclude Include="Torch.h">
      <Filter>Header Files</Filter>
    </ClInclude>
    <ClInclude Include="AmbientStar.h">
      <Filter>Header Files</Filter>
    </ClInclude>
    <ClInclude Include="AsteroidField.h">
      <Filter>Header Files</Filter>
    </ClInclude>
    <ClInclude Include="Hallway.h">
      <Filter>Header Files</Filter>
    </ClInclude>
    <ClInclude Include="MockSolarSystem.h">
      <Filter>Header Files</Filter>
    </ClInclude>
    <ClInclude Include="ObservatoryRoom.h">
      <Filter>Header Files</Filter>
    </ClInclude>
    <ClInclude Include="Player.h">
      <Filter>Header Files</Filter>
    </ClInclude>
    <ClInclude Include="SlidingDoor.h">
      <Filter>Header Files</Filter>
    </ClInclude>
    <ClInclude Include="HeadBob.h">
      <Filter>Header Files</Filter>
    </ClInclude>
    <ClInclude Include="Observatory.h">
      <Filter>Header Files\Level</Filter>
    </ClInclude>
    <ClInclude Include="DrScottLevel.h">
      <Filter>Header Files\Level</Filter>
    </ClInclude>
    <ClInclude Include="TestNetLevel.h">
      <Filter>Header Files\Level</Filter>
    </ClInclude>
    <ClInclude Include="GameLevel.h">
      <Filter>Header Files\Level</Filter>
    </ClInclude>
    <ClInclude Include="Layer.h">
      <Filter>Header Files</Filter>
    </ClInclude>
  </ItemGroup>
  <ItemGroup>
    <ClCompile Include="AudioTester.cpp">
      <Filter>Source Files</Filter>
    </ClCompile>
    <ClCompile Include="Main.cpp">
      <Filter>Source Files</Filter>
    </ClCompile>
    <ClCompile Include="TestLevel.cpp">
      <Filter>Source Files\Level</Filter>
    </ClCompile>
    <ClCompile Include="Torch.cpp">
      <Filter>Source Files</Filter>
    </ClCompile>
    <ClCompile Include="AmbientStar.cpp">
      <Filter>Source Files</Filter>
    </ClCompile>
    <ClCompile Include="AsteroidField.cpp">
      <Filter>Source Files</Filter>
    </ClCompile>
    <ClCompile Include="Hallway.cpp">
      <Filter>Source Files</Filter>
    </ClCompile>
    <ClCompile Include="MockSolarSystem.cpp">
      <Filter>Source Files</Filter>
    </ClCompile>
    <ClCompile Include="ObservatoryRoom.cpp">
      <Filter>Source Files</Filter>
    </ClCompile>
    <ClCompile Include="Player.cpp">
      <Filter>Source Files</Filter>
    </ClCompile>
    <ClCompile Include="SlidingDoor.cpp">
      <Filter>Source Files</Filter>
    </ClCompile>
    <ClCompile Include="HeadBob.cpp">
      <Filter>Source Files</Filter>
    </ClCompile>
    <ClCompile Include="Observatory.cpp">
      <Filter>Source Files\Level</Filter>
    </ClCompile>
    <ClCompile Include="DrScottLevel.cpp">
      <Filter>Source Files</Filter>
    </ClCompile>
    <ClCompile Include="TestNetLevel.cpp">
      <Filter>Source Files\Level</Filter>
    </ClCompile>
    <ClCompile Include="TestGame.cpp">
      <Filter>Source Files\Game</Filter>
    </ClCompile>
    <ClCompile Include="GameLevel.cpp">
      <Filter>Source Files\Level</Filter>
    </ClCompile>
    <ClCompile Include="Layer.cpp">
      <Filter>Source Files</Filter>
    </ClCompile>
  </ItemGroup>
  <ItemGroup>
    <None Include="GameObjects.vert" />
    <None Include="GameObjects.frag" />
  </ItemGroup>
  <ItemGroup>
    <ResourceCompile Include="TestGame.rc">
      <Filter>Resource Files</Filter>
    </ResourceCompile>
  </ItemGroup>
</Project>