
Microsoft Visual Studio Solution File, Format Version 12.00
# Visual Studio 2013
VisualStudioVersion = 12.0.21005.1
MinimumVisualStudioVersion = 10.0.40219.1
Project("{8BC9CEB8-8B4A-11D0-8D11-00A0C91BC942}") = "ThomasTheGameEngine", "ThomasTheGameEngine\ThomasTheGameEngine.vcxproj", "{FBB68591-C2E9-433D-AFCB-D2FBAD16C953}"
EndProject
Project("{8BC9CEB8-8B4A-11D0-8D11-00A0C91BC942}") = "TestGame", "TestGame\TestGame.vcxproj", "{F02CD715-5008-4989-B7A4-35847219B251}"
EndProject
Project("{2150E333-8FDC-42A3-9474-1A3956D46DE8}") = "Solution Items", "Solution Items", "{B5EC2680-3219-4167-8025-2AFDC5528533}"
	ProjectSection(SolutionItems) = preProject
		Engine READ ME.txt = Engine READ ME.txt
	EndProjectSection
EndProject
Project("{8BC9CEB8-8B4A-11D0-8D11-00A0C91BC942}") = "Divine Intervention Y", "Divine Intervention Y\Divine Intervention Y.vcxproj", "{0DF7D2D3-6C2D-4023-94AF-A85A8ED0C00E}"
EndProject
Global
	GlobalSection(SolutionConfigurationPlatforms) = preSolution
		Debug|Win32 = Debug|Win32
		Release|Win32 = Release|Win32
	EndGlobalSection
	GlobalSection(ProjectConfigurationPlatforms) = postSolution
		{FBB68591-C2E9-433D-AFCB-D2FBAD16C953}.Debug|Win32.ActiveCfg = Debug|Win32
		{FBB68591-C2E9-433D-AFCB-D2FBAD16C953}.Debug|Win32.Build.0 = Debug|Win32
		{FBB68591-C2E9-433D-AFCB-D2FBAD16C953}.Release|Win32.ActiveCfg = Release|Win32
		{FBB68591-C2E9-433D-AFCB-D2FBAD16C953}.Release|Win32.Build.0 = Release|Win32
		{F02CD715-5008-4989-B7A4-35847219B251}.Debug|Win32.ActiveCfg = Debug|Win32
		{F02CD715-5008-4989-B7A4-35847219B251}.Debug|Win32.Build.0 = Debug|Win32
		{F02CD715-5008-4989-B7A4-35847219B251}.Release|Win32.ActiveCfg = Release|Win32
		{F02CD715-5008-4989-B7A4-35847219B251}.Release|Win32.Build.0 = Release|Win32
		{0DF7D2D3-6C2D-4023-94AF-A85A8ED0C00E}.Debug|Win32.ActiveCfg = Debug|Win32
		{0DF7D2D3-6C2D-4023-94AF-A85A8ED0C00E}.Debug|Win32.Build.0 = Debug|Win32
		{0DF7D2D3-6C2D-4023-94AF-A85A8ED0C00E}.Release|Win32.ActiveCfg = Release|Win32
		{0DF7D2D3-6C2D-4023-94AF-A85A8ED0C00E}.Release|Win32.Build.0 = Release|Win32
	EndGlobalSection
	GlobalSection(SolutionProperties) = preSolution
		HideSolutionNode = FALSE
	EndGlobalSection
EndGlobal
